
Microsoft Visual Studio Solution File, Format Version 12.00
# Visual Studio Version 17
VisualStudioVersion = 17.9.34728.123
MinimumVisualStudioVersion = 10.0.40219.1
Project("{9A19103F-16F7-4668-BE54-9A1E7A4F7556}") = "RecipeProject", "RecipeProject.csproj", "{A9E9CD45-D2A7-4FD8-A2C8-7908593C4011}"
EndProject
Global
	GlobalSection(SolutionConfigurationPlatforms) = preSolution
		Debug|Any CPU = Debug|Any CPU
		Release|Any CPU = Release|Any CPU
	EndGlobalSection
	GlobalSection(ProjectConfigurationPlatforms) = postSolution
		{A9E9CD45-D2A7-4FD8-A2C8-7908593C4011}.Debug|Any CPU.ActiveCfg = Debug|Any CPU
		{A9E9CD45-D2A7-4FD8-A2C8-7908593C4011}.Debug|Any CPU.Build.0 = Debug|Any CPU
		{A9E9CD45-D2A7-4FD8-A2C8-7908593C4011}.Release|Any CPU.ActiveCfg = Release|Any CPU
		{A9E9CD45-D2A7-4FD8-A2C8-7908593C4011}.Release|Any CPU.Build.0 = Release|Any CPU
	EndGlobalSection
	GlobalSection(SolutionProperties) = preSolution
		HideSolutionNode = FALSE
	EndGlobalSection
	GlobalSection(ExtensibilityGlobals) = postSolution
		SolutionGuid = {E6214A97-9445-4914-ABFD-3E19D4CF04D1}
	EndGlobalSection
EndGlobal
